
Microsoft Visual Studio Solution File, Format Version 12.00
# Visual Studio Version 16
VisualStudioVersion = 16.0.30523.141
MinimumVisualStudioVersion = 10.0.40219.1
Project("{FAE04EC0-301F-11D3-BF4B-00C04F79EFBC}") = "ReadJsonDV", "ReadJsonDV\ReadJsonDV.csproj", "{7989211A-D91C-45B5-A90B-ECB4CBD4EB4F}"
EndProject
Global
	GlobalSection(SolutionConfigurationPlatforms) = preSolution
		Debug|Any CPU = Debug|Any CPU
		Release|Any CPU = Release|Any CPU
	EndGlobalSection
	GlobalSection(ProjectConfigurationPlatforms) = postSolution
		{7989211A-D91C-45B5-A90B-ECB4CBD4EB4F}.Debug|Any CPU.ActiveCfg = Debug|Any CPU
		{7989211A-D91C-45B5-A90B-ECB4CBD4EB4F}.Debug|Any CPU.Build.0 = Debug|Any CPU
		{7989211A-D91C-45B5-A90B-ECB4CBD4EB4F}.Release|Any CPU.ActiveCfg = Release|Any CPU
		{7989211A-D91C-45B5-A90B-ECB4CBD4EB4F}.Release|Any CPU.Build.0 = Release|Any CPU
	EndGlobalSection
	GlobalSection(SolutionProperties) = preSolution
		HideSolutionNode = FALSE
	EndGlobalSection
	GlobalSection(ExtensibilityGlobals) = postSolution
		SolutionGuid = {A6415397-24EF-49D0-B0F6-AE0B4F702C53}
	EndGlobalSection
EndGlobal
